
Microsoft Visual Studio Solution File, Format Version 12.00
# Visual Studio 15
VisualStudioVersion = 15.0.26124.0
MinimumVisualStudioVersion = 15.0.26124.0
Project("{FAE04EC0-301F-11D3-BF4B-00C04F79EFBC}") = "Domain", "Domain\Domain.csproj", "{37FC1A0C-85B1-49D3-A1BA-98AC8D5A599E}"
EndProject
Project("{FAE04EC0-301F-11D3-BF4B-00C04F79EFBC}") = "API", "API\API.csproj", "{18D1AB8A-B087-46D8-83F3-E0803866DEEB}"
EndProject
Project("{FAE04EC0-301F-11D3-BF4B-00C04F79EFBC}") = "Application", "Application\Application.csproj", "{7ECAD414-63D4-4981-9AFA-EBE5BFD90DFA}"
EndProject
Project("{FAE04EC0-301F-11D3-BF4B-00C04F79EFBC}") = "Persistence", "Persistence\Persistence.csproj", "{A6599836-7450-4540-A09A-8ED2760186E5}"
EndProject
Global
	GlobalSection(SolutionConfigurationPlatforms) = preSolution
		Debug|Any CPU = Debug|Any CPU
		Debug|x64 = Debug|x64
		Debug|x86 = Debug|x86
		Release|Any CPU = Release|Any CPU
		Release|x64 = Release|x64
		Release|x86 = Release|x86
	EndGlobalSection
	GlobalSection(SolutionProperties) = preSolution
		HideSolutionNode = FALSE
	EndGlobalSection
	GlobalSection(ProjectConfigurationPlatforms) = postSolution
		{37FC1A0C-85B1-49D3-A1BA-98AC8D5A599E}.Debug|Any CPU.ActiveCfg = Debug|Any CPU
		{37FC1A0C-85B1-49D3-A1BA-98AC8D5A599E}.Debug|Any CPU.Build.0 = Debug|Any CPU
		{37FC1A0C-85B1-49D3-A1BA-98AC8D5A599E}.Debug|x64.ActiveCfg = Debug|Any CPU
		{37FC1A0C-85B1-49D3-A1BA-98AC8D5A599E}.Debug|x64.Build.0 = Debug|Any CPU
		{37FC1A0C-85B1-49D3-A1BA-98AC8D5A599E}.Debug|x86.ActiveCfg = Debug|Any CPU
		{37FC1A0C-85B1-49D3-A1BA-98AC8D5A599E}.Debug|x86.Build.0 = Debug|Any CPU
		{37FC1A0C-85B1-49D3-A1BA-98AC8D5A599E}.Release|Any CPU.ActiveCfg = Release|Any CPU
		{37FC1A0C-85B1-49D3-A1BA-98AC8D5A599E}.Release|Any CPU.Build.0 = Release|Any CPU
		{37FC1A0C-85B1-49D3-A1BA-98AC8D5A599E}.Release|x64.ActiveCfg = Release|Any CPU
		{37FC1A0C-85B1-49D3-A1BA-98AC8D5A599E}.Release|x64.Build.0 = Release|Any CPU
		{37FC1A0C-85B1-49D3-A1BA-98AC8D5A599E}.Release|x86.ActiveCfg = Release|Any CPU
		{37FC1A0C-85B1-49D3-A1BA-98AC8D5A599E}.Release|x86.Build.0 = Release|Any CPU
		{18D1AB8A-B087-46D8-83F3-E0803866DEEB}.Debug|Any CPU.ActiveCfg = Debug|Any CPU
		{18D1AB8A-B087-46D8-83F3-E0803866DEEB}.Debug|Any CPU.Build.0 = Debug|Any CPU
		{18D1AB8A-B087-46D8-83F3-E0803866DEEB}.Debug|x64.ActiveCfg = Debug|Any CPU
		{18D1AB8A-B087-46D8-83F3-E0803866DEEB}.Debug|x64.Build.0 = Debug|Any CPU
		{18D1AB8A-B087-46D8-83F3-E0803866DEEB}.Debug|x86.ActiveCfg = Debug|Any CPU
		{18D1AB8A-B087-46D8-83F3-E0803866DEEB}.Debug|x86.Build.0 = Debug|Any CPU
		{18D1AB8A-B087-46D8-83F3-E0803866DEEB}.Release|Any CPU.ActiveCfg = Release|Any CPU
		{18D1AB8A-B087-46D8-83F3-E0803866DEEB}.Release|Any CPU.Build.0 = Release|Any CPU
		{18D1AB8A-B087-46D8-83F3-E0803866DEEB}.Release|x64.ActiveCfg = Release|Any CPU
		{18D1AB8A-B087-46D8-83F3-E0803866DEEB}.Release|x64.Build.0 = Release|Any CPU
		{18D1AB8A-B087-46D8-83F3-E0803866DEEB}.Release|x86.ActiveCfg = Release|Any CPU
		{18D1AB8A-B087-46D8-83F3-E0803866DEEB}.Release|x86.Build.0 = Release|Any CPU
		{7ECAD414-63D4-4981-9AFA-EBE5BFD90DFA}.Debug|Any CPU.ActiveCfg = Debug|Any CPU
		{7ECAD414-63D4-4981-9AFA-EBE5BFD90DFA}.Debug|Any CPU.Build.0 = Debug|Any CPU
		{7ECAD414-63D4-4981-9AFA-EBE5BFD90DFA}.Debug|x64.ActiveCfg = Debug|Any CPU
		{7ECAD414-63D4-4981-9AFA-EBE5BFD90DFA}.Debug|x64.Build.0 = Debug|Any CPU
		{7ECAD414-63D4-4981-9AFA-EBE5BFD90DFA}.Debug|x86.ActiveCfg = Debug|Any CPU
		{7ECAD414-63D4-4981-9AFA-EBE5BFD90DFA}.Debug|x86.Build.0 = Debug|Any CPU
		{7ECAD414-63D4-4981-9AFA-EBE5BFD90DFA}.Release|Any CPU.ActiveCfg = Release|Any CPU
		{7ECAD414-63D4-4981-9AFA-EBE5BFD90DFA}.Release|Any CPU.Build.0 = Release|Any CPU
		{7ECAD414-63D4-4981-9AFA-EBE5BFD90DFA}.Release|x64.ActiveCfg = Release|Any CPU
		{7ECAD414-63D4-4981-9AFA-EBE5BFD90DFA}.Release|x64.Build.0 = Release|Any CPU
		{7ECAD414-63D4-4981-9AFA-EBE5BFD90DFA}.Release|x86.ActiveCfg = Release|Any CPU
		{7ECAD414-63D4-4981-9AFA-EBE5BFD90DFA}.Release|x86.Build.0 = Release|Any CPU
		{A6599836-7450-4540-A09A-8ED2760186E5}.Debug|Any CPU.ActiveCfg = Debug|Any CPU
		{A6599836-7450-4540-A09A-8ED2760186E5}.Debug|Any CPU.Build.0 = Debug|Any CPU
		{A6599836-7450-4540-A09A-8ED2760186E5}.Debug|x64.ActiveCfg = Debug|Any CPU
		{A6599836-7450-4540-A09A-8ED2760186E5}.Debug|x64.Build.0 = Debug|Any CPU
		{A6599836-7450-4540-A09A-8ED2760186E5}.Debug|x86.ActiveCfg = Debug|Any CPU
		{A6599836-7450-4540-A09A-8ED2760186E5}.Debug|x86.Build.0 = Debug|Any CPU
		{A6599836-7450-4540-A09A-8ED2760186E5}.Release|Any CPU.ActiveCfg = Release|Any CPU
		{A6599836-7450-4540-A09A-8ED2760186E5}.Release|Any CPU.Build.0 = Release|Any CPU
		{A6599836-7450-4540-A09A-8ED2760186E5}.Release|x64.ActiveCfg = Release|Any CPU
		{A6599836-7450-4540-A09A-8ED2760186E5}.Release|x64.Build.0 = Release|Any CPU
		{A6599836-7450-4540-A09A-8ED2760186E5}.Release|x86.ActiveCfg = Release|Any CPU
		{A6599836-7450-4540-A09A-8ED2760186E5}.Release|x86.Build.0 = Release|Any CPU
	EndGlobalSection
EndGlobal
